{
  "mods": {
    "2983546566": {
      "files": [
        "addons/dagger_island_summer.pbo",
        "addons/drc_custom_billboards.pbo",
        "addons/drc_flags.pbo"
      ],
      "name": "Dagger Island Training Complex (2025)",
      "dependencies": [],
      "updated": "1759721994"
    },
    "2214384530": {
      "files": [
        "addons/oski_corran.pbo"
      ],
      "name": "Scottish Highlands",
      "dependencies": [],
      "updated": "1645661440"
    },
    "2026526896": {
      "files": [
        "addons/swu_public_imber_map.pbo"
      ],
      "name": "Copehill Down, England",
      "dependencies": [
        {
          "id": "583496184",
          "name": "Mod 583496184"
        }
      ],
      "updated": "1584618628"
    },
    "2782377874": {
      "files": [
        "addons/opx_tac.pbo",
        "addons/opx_tac_obj.pbo"
      ],
      "name": "MOUT Training Facility",
      "dependencies": [
        {
          "id": "583544987",
          "name": "CUP Terrains - Maps"
        }
      ],
      "updated": "1647835664"
    },
    "3336740643": {
      "files": [
        "addons/Bro_Structures.pbo"
      ],
      "name": "Milsim Structures",
      "dependencies": [],
      "updated": "1777745944"
    },
    "3555295736": {
      "files": [
        "addons/Bro_Modular_Cages.pbo"
      ],
      "name": "Modular Cages & Armory",
      "dependencies": [],
      "updated": "1777774656"
    },
    "2975882889": {
      "files": [
        "addons/Bro_ModularShoothouse.pbo"
      ],
      "name": "Modular Shoothouse Parts",
      "dependencies": [],
      "updated": "1748720724"
    },
    "2958273599": {
      "files": [
        "addons/Bro_ModularWarehouse_Remaster.pbo",
        "addons/Bro_Modular_Warehouse.pbo"
      ],
      "name": "Modular Warehouse Parts",
      "dependencies": [],
      "updated": "1734930071"
    },
    "3716493672": {
      "files": [
        "addons/Bro_Modular_Ship.pbo"
      ],
      "name": "Modular Ship Interior",
      "dependencies": [],
      "updated": "1777816868"
    },
    "1960024802": {
      "files": [
        "addons/plp_beachobjects.pbo",
        "addons/plp_containers.pbo",
        "addons/plp_materials.pbo",
        "addons/plp_urban_barriers.pbo",
        "addons/plp_urban_private.pbo"
      ],
      "name": "PLP All in One",
      "dependencies": [],
      "updated": "1627160285"
    },
    "686802825": {
      "files": [
        "addons/3den_Objects.pbo"
      ],
      "name": "Eden Objects",
      "dependencies": [],
      "updated": "1511953043"
    },
    "882231372": {
      "files": [
        "addons/Eden_Extended_Objects.pbo"
      ],
      "name": "Eden Extended Objects",
      "dependencies": [],
      "updated": "1515496340"
    },
    "962938144": {
      "files": [
        "addons/mbg_killhouses_a3.pbo"
      ],
      "name": "MBG Buildings Killhouses (Arma3 Remaster)",
      "dependencies": [],
      "updated": "1499071781"
    },
    "941263726": {
      "files": [
        "addons/EO_Sullen_Skies_Abel.pbo",
        "addons/EO_Sullen_Skies_Bootcamp_ACR.pbo",
        "addons/EO_Sullen_Skies_Cain.pbo",
        "addons/EO_Sullen_Skies_Chernarus.pbo",
        "addons/EO_Sullen_Skies_Eden.pbo",
        "addons/EO_Sullen_Skies_Intro.pbo",
        "addons/EO_Sullen_Skies_Noe.pbo",
        "addons/EO_Sullen_Skies_Porto.pbo",
        "addons/EO_Sullen_Skies_ProvingGrounds_PMC.pbo",
        "addons/EO_Sullen_Skies_Sara.pbo",
        "addons/EO_Sullen_Skies_Sara_DBE1.pbo",
        "addons/EO_Sullen_Skies_Shapur_BAF.pbo",
        "addons/EO_Sullen_Skies_Takistan.pbo",
        "addons/EO_Sullen_Skies_Utes.pbo",
        "addons/EO_Sullen_Skies_Woodland_ACR.pbo",
        "addons/EO_Sullen_Skies_Zargabad.pbo"
      ],
      "name": "Sullen Skies for CUP Terrains",
      "dependencies": [
        {
          "id": "583544987",
          "name": "CUP Terrains - Maps"
        }
      ],
      "updated": "1497915149"
    },
    "2216393505": {
      "files": [
        "addons/SullenSkies_Corran.pbo"
      ],
      "name": "Sullen Skies - Scottish Highlands",
      "dependencies": [],
      "updated": "1598968152"
    },
    "2822758266": {
      "files": [
        "addons/GF_Deformer.pbo"
      ],
      "name": "Deformer",
      "dependencies": [],
      "updated": "1667139282"
    },
    "520618345": {
      "files": [
        "addons/afghan_houses.pbo",
        "addons/afghan_houses_c.pbo",
        "addons/afghan_houses_c2.pbo",
        "addons/afghan_houses_old.pbo",
        "addons/afghan_house_a.pbo",
        "addons/bridges.pbo",
        "addons/bunkers.pbo",
        "addons/Cargo_Cont.pbo",
        "addons/Gear.pbo",
        "addons/GeneralStore.pbo",
        "addons/Ind.pbo",
        "addons/Jbad_Bridge_Kammeny.pbo",
        "addons/Jbad_Bridge_Most.pbo",
        "addons/Jbad_Defines.pbo",
        "addons/jbad_misc.pbo",
        "addons/Jbad_Rocks.pbo",
        "addons/Jbad_Sounds.pbo",
        "addons/Jbad_Structures.pbo",
        "addons/Jbad_Veg.pbo",
        "addons/Jbad_Vehicles.pbo",
        "addons/Jbad_Water.pbo",
        "addons/mil.pbo",
        "addons/Mosque_big.pbo",
        "addons/OPXBuildings2.pbo",
        "addons/OPXmisc2.pbo",
        "addons/Shops.pbo",
        "addons/Sidewalks.pbo",
        "addons/Walls.pbo"
      ],
      "name": "Jbad",
      "dependencies": [],
      "updated": "1663995795"
    },
    "909547724": {
      "files": [
        "addons/ffaa_casas_af.pbo",
        "addons/lythium.pbo",
        "addons/lythiumenv.pbo",
        "addons/map_lythium_scenes.pbo"
      ],
      "name": "LYTHIUM",
      "dependencies": [],
      "updated": "1617310752"
    },
    "1726494027": {
      "files": [
        "addons/tem_kujari.pbo"
      ],
      "name": "Kujari",
      "dependencies": [],
      "updated": "1630646661"
    },
    "3078351739": {
      "files": [
        "addons/kunduz_river.pbo"
      ],
      "name": "Kunduz River",
      "dependencies": [],
      "updated": "1757167365"
    },
    "682140680": {
      "files": [
        "addons/Kerama.pbo"
      ],
      "name": "kerama Islands By [V\u00e9t\u00e9rans]",
      "dependencies": [],
      "updated": "1465060895"
    },
    "2829330653": {
      "files": [
        "addons/map_north_takistan.pbo",
        "addons/map_north_takistan_data.pbo",
        "addons/map_north_takistan_data_layers.pbo",
        "addons/map_north_takistan_structures_e.pbo"
      ],
      "name": "North Takistan",
      "dependencies": [],
      "updated": "1740169681"
    }
  }
}